
Microsoft Visual Studio Solution File, Format Version 12.00
# Visual Studio Version 17
VisualStudioVersion = 17.14.36121.58
MinimumVisualStudioVersion = 10.0.40219.1
Project("{FAE04EC0-301F-11D3-BF4B-00C04F79EFBC}") = "DemoEmployeePj", "DemoEmployeePj\DemoEmployeePj.csproj", "{F70D1B3B-632A-4F74-9EBD-C6AF6300384C}"
EndProject
Project("{FAE04EC0-301F-11D3-BF4B-00C04F79EFBC}") = "DemoEmployeeMvcClient", "DemoEmployeeMvcClient\DemoEmployeeMvcClient.csproj", "{B54A56BE-25CC-4F14-9B0A-06DB4E7F3B19}"
EndProject
Global
	GlobalSection(SolutionConfigurationPlatforms) = preSolution
		Debug|Any CPU = Debug|Any CPU
		Release|Any CPU = Release|Any CPU
	EndGlobalSection
	GlobalSection(ProjectConfigurationPlatforms) = postSolution
		{F70D1B3B-632A-4F74-9EBD-C6AF6300384C}.Debug|Any CPU.ActiveCfg = Debug|Any CPU
		{F70D1B3B-632A-4F74-9EBD-C6AF6300384C}.Debug|Any CPU.Build.0 = Debug|Any CPU
		{F70D1B3B-632A-4F74-9EBD-C6AF6300384C}.Release|Any CPU.ActiveCfg = Release|Any CPU
		{F70D1B3B-632A-4F74-9EBD-C6AF6300384C}.Release|Any CPU.Build.0 = Release|Any CPU
		{B54A56BE-25CC-4F14-9B0A-06DB4E7F3B19}.Debug|Any CPU.ActiveCfg = Debug|Any CPU
		{B54A56BE-25CC-4F14-9B0A-06DB4E7F3B19}.Debug|Any CPU.Build.0 = Debug|Any CPU
		{B54A56BE-25CC-4F14-9B0A-06DB4E7F3B19}.Release|Any CPU.ActiveCfg = Release|Any CPU
		{B54A56BE-25CC-4F14-9B0A-06DB4E7F3B19}.Release|Any CPU.Build.0 = Release|Any CPU
	EndGlobalSection
	GlobalSection(SolutionProperties) = preSolution
		HideSolutionNode = FALSE
	EndGlobalSection
	GlobalSection(ExtensibilityGlobals) = postSolution
		SolutionGuid = {3B289737-E5DB-44F5-882B-92E1855E8F05}
	EndGlobalSection
EndGlobal
